
Microsoft Visual Studio Solution File, Format Version 12.00
# Visual Studio Version 16
VisualStudioVersion = 16.0.30907.101
MinimumVisualStudioVersion = 10.0.40219.1
Project("{9A19103F-16F7-4668-BE54-9A1E7A4F7556}") = "DataAccess", "DataAccess\DataAccess.csproj", "{F3F7235B-5585-4B89-B188-5626A182B3DE}"
EndProject
Project("{9A19103F-16F7-4668-BE54-9A1E7A4F7556}") = "Business", "Business\Business.csproj", "{DB6AEA19-B911-47E6-A1AE-3681723FCE72}"
EndProject
Project("{9A19103F-16F7-4668-BE54-9A1E7A4F7556}") = "Entities", "Entities\Entities.csproj", "{22C2C75F-123E-4976-8A1B-12160C291293}"
EndProject
Project("{9A19103F-16F7-4668-BE54-9A1E7A4F7556}") = "ConsoleUI", "ConsoleUI\ConsoleUI.csproj", "{6F2CBD13-21AF-4E6B-A4C7-957D0583A505}"
EndProject
Project("{9A19103F-16F7-4668-BE54-9A1E7A4F7556}") = "Core", "Core\Core.csproj", "{F8EC7B51-9590-48B4-A6E3-109F88BAE211}"
EndProject
Project("{FAE04EC0-301F-11D3-BF4B-00C04F79EFBC}") = "WebAPI", "WebAPI\WebAPI.csproj", "{BD7A2699-61DC-4BB7-965F-BDC521773483}"
EndProject
Global
	GlobalSection(SolutionConfigurationPlatforms) = preSolution
		Debug|Any CPU = Debug|Any CPU
		Release|Any CPU = Release|Any CPU
	EndGlobalSection
	GlobalSection(ProjectConfigurationPlatforms) = postSolution
		{F3F7235B-5585-4B89-B188-5626A182B3DE}.Debug|Any CPU.ActiveCfg = Debug|Any CPU
		{F3F7235B-5585-4B89-B188-5626A182B3DE}.Debug|Any CPU.Build.0 = Debug|Any CPU
		{F3F7235B-5585-4B89-B188-5626A182B3DE}.Release|Any CPU.ActiveCfg = Release|Any CPU
		{F3F7235B-5585-4B89-B188-5626A182B3DE}.Release|Any CPU.Build.0 = Release|Any CPU
		{DB6AEA19-B911-47E6-A1AE-3681723FCE72}.Debug|Any CPU.ActiveCfg = Debug|Any CPU
		{DB6AEA19-B911-47E6-A1AE-3681723FCE72}.Debug|Any CPU.Build.0 = Debug|Any CPU
		{DB6AEA19-B911-47E6-A1AE-3681723FCE72}.Release|Any CPU.ActiveCfg = Release|Any CPU
		{DB6AEA19-B911-47E6-A1AE-3681723FCE72}.Release|Any CPU.Build.0 = Release|Any CPU
		{22C2C75F-123E-4976-8A1B-12160C291293}.Debug|Any CPU.ActiveCfg = Debug|Any CPU
		{22C2C75F-123E-4976-8A1B-12160C291293}.Debug|Any CPU.Build.0 = Debug|Any CPU
		{22C2C75F-123E-4976-8A1B-12160C291293}.Release|Any CPU.ActiveCfg = Release|Any CPU
		{22C2C75F-123E-4976-8A1B-12160C291293}.Release|Any CPU.Build.0 = Release|Any CPU
		{6F2CBD13-21AF-4E6B-A4C7-957D0583A505}.Debug|Any CPU.ActiveCfg = Debug|Any CPU
		{6F2CBD13-21AF-4E6B-A4C7-957D0583A505}.Debug|Any CPU.Build.0 = Debug|Any CPU
		{6F2CBD13-21AF-4E6B-A4C7-957D0583A505}.Release|Any CPU.ActiveCfg = Release|Any CPU
		{6F2CBD13-21AF-4E6B-A4C7-957D0583A505}.Release|Any CPU.Build.0 = Release|Any CPU
		{F8EC7B51-9590-48B4-A6E3-109F88BAE211}.Debug|Any CPU.ActiveCfg = Debug|Any CPU
		{F8EC7B51-9590-48B4-A6E3-109F88BAE211}.Debug|Any CPU.Build.0 = Debug|Any CPU
		{F8EC7B51-9590-48B4-A6E3-109F88BAE211}.Release|Any CPU.ActiveCfg = Release|Any CPU
		{F8EC7B51-9590-48B4-A6E3-109F88BAE211}.Release|Any CPU.Build.0 = Release|Any CPU
		{BD7A2699-61DC-4BB7-965F-BDC521773483}.Debug|Any CPU.ActiveCfg = Debug|Any CPU
		{BD7A2699-61DC-4BB7-965F-BDC521773483}.Debug|Any CPU.Build.0 = Debug|Any CPU
		{BD7A2699-61DC-4BB7-965F-BDC521773483}.Release|Any CPU.ActiveCfg = Release|Any CPU
		{BD7A2699-61DC-4BB7-965F-BDC521773483}.Release|Any CPU.Build.0 = Release|Any CPU
	EndGlobalSection
	GlobalSection(SolutionProperties) = preSolution
		HideSolutionNode = FALSE
	EndGlobalSection
	GlobalSection(ExtensibilityGlobals) = postSolution
		SolutionGuid = {FB187A58-53FC-48C4-83A7-25F329E60576}
	EndGlobalSection
EndGlobal
